
Microsoft Visual Studio Solution File, Format Version 12.00
# Visual Studio 15
VisualStudioVersion = 15.0.26124.0
MinimumVisualStudioVersion = 15.0.26124.0
Project("{2150E333-8FDC-42A3-9474-1A3956D46DE8}") = "src", "src", "{5F6D5F5F-1B60-4558-9E20-2BA4F3950A33}"
EndProject
Project("{FAE04EC0-301F-11D3-BF4B-00C04F79EFBC}") = "AutoFuelConcurrentQueue", "src\AutoFuelConcurrentQueue\AutoFuelConcurrentQueue.csproj", "{BC4C6C22-A684-494A-BB76-B5CB645921D5}"
EndProject
Project("{2150E333-8FDC-42A3-9474-1A3956D46DE8}") = "test", "test", "{6F2F33C8-9B77-4397-AEEA-FC02E10A9320}"
EndProject
Project("{FAE04EC0-301F-11D3-BF4B-00C04F79EFBC}") = "test.AutoFuelConcurrentQueue", "test\test.AutoFuelConcurrentQueue\test.AutoFuelConcurrentQueue.csproj", "{F3DB6E6D-721B-45B9-8B66-673B5C857699}"
EndProject
Global
	GlobalSection(SolutionConfigurationPlatforms) = preSolution
		Debug|Any CPU = Debug|Any CPU
		Debug|x64 = Debug|x64
		Debug|x86 = Debug|x86
		Release|Any CPU = Release|Any CPU
		Release|x64 = Release|x64
		Release|x86 = Release|x86
	EndGlobalSection
	GlobalSection(SolutionProperties) = preSolution
		HideSolutionNode = FALSE
	EndGlobalSection
	GlobalSection(ProjectConfigurationPlatforms) = postSolution
		{BC4C6C22-A684-494A-BB76-B5CB645921D5}.Debug|Any CPU.ActiveCfg = Debug|Any CPU
		{BC4C6C22-A684-494A-BB76-B5CB645921D5}.Debug|Any CPU.Build.0 = Debug|Any CPU
		{BC4C6C22-A684-494A-BB76-B5CB645921D5}.Debug|x64.ActiveCfg = Debug|Any CPU
		{BC4C6C22-A684-494A-BB76-B5CB645921D5}.Debug|x64.Build.0 = Debug|Any CPU
		{BC4C6C22-A684-494A-BB76-B5CB645921D5}.Debug|x86.ActiveCfg = Debug|Any CPU
		{BC4C6C22-A684-494A-BB76-B5CB645921D5}.Debug|x86.Build.0 = Debug|Any CPU
		{BC4C6C22-A684-494A-BB76-B5CB645921D5}.Release|Any CPU.ActiveCfg = Release|Any CPU
		{BC4C6C22-A684-494A-BB76-B5CB645921D5}.Release|Any CPU.Build.0 = Release|Any CPU
		{BC4C6C22-A684-494A-BB76-B5CB645921D5}.Release|x64.ActiveCfg = Release|Any CPU
		{BC4C6C22-A684-494A-BB76-B5CB645921D5}.Release|x64.Build.0 = Release|Any CPU
		{BC4C6C22-A684-494A-BB76-B5CB645921D5}.Release|x86.ActiveCfg = Release|Any CPU
		{BC4C6C22-A684-494A-BB76-B5CB645921D5}.Release|x86.Build.0 = Release|Any CPU
		{F3DB6E6D-721B-45B9-8B66-673B5C857699}.Debug|Any CPU.ActiveCfg = Debug|Any CPU
		{F3DB6E6D-721B-45B9-8B66-673B5C857699}.Debug|Any CPU.Build.0 = Debug|Any CPU
		{F3DB6E6D-721B-45B9-8B66-673B5C857699}.Debug|x64.ActiveCfg = Debug|Any CPU
		{F3DB6E6D-721B-45B9-8B66-673B5C857699}.Debug|x64.Build.0 = Debug|Any CPU
		{F3DB6E6D-721B-45B9-8B66-673B5C857699}.Debug|x86.ActiveCfg = Debug|Any CPU
		{F3DB6E6D-721B-45B9-8B66-673B5C857699}.Debug|x86.Build.0 = Debug|Any CPU
		{F3DB6E6D-721B-45B9-8B66-673B5C857699}.Release|Any CPU.ActiveCfg = Release|Any CPU
		{F3DB6E6D-721B-45B9-8B66-673B5C857699}.Release|Any CPU.Build.0 = Release|Any CPU
		{F3DB6E6D-721B-45B9-8B66-673B5C857699}.Release|x64.ActiveCfg = Release|Any CPU
		{F3DB6E6D-721B-45B9-8B66-673B5C857699}.Release|x64.Build.0 = Release|Any CPU
		{F3DB6E6D-721B-45B9-8B66-673B5C857699}.Release|x86.ActiveCfg = Release|Any CPU
		{F3DB6E6D-721B-45B9-8B66-673B5C857699}.Release|x86.Build.0 = Release|Any CPU
	EndGlobalSection
	GlobalSection(NestedProjects) = preSolution
		{BC4C6C22-A684-494A-BB76-B5CB645921D5} = {5F6D5F5F-1B60-4558-9E20-2BA4F3950A33}
		{F3DB6E6D-721B-45B9-8B66-673B5C857699} = {6F2F33C8-9B77-4397-AEEA-FC02E10A9320}
	EndGlobalSection
EndGlobal
